// !$*UTF8*$!
{
	archiveVersion = 1;
	classes = {
	};
	objectVersion = 50;
	objects = {

/* Begin PBXBuildFile section */
		05A96BE9244F3F1F0022A4D4 /* AppDelegate.swift in Sources */ = {isa = PBXBuildFile; fileRef = 05A96BE8244F3F1F0022A4D4 /* AppDelegate.swift */; };
		05A96BEB244F3F1F0022A4D4 /* SceneDelegate.swift in Sources */ = {isa = PBXBuildFile; fileRef = 05A96BEA244F3F1F0022A4D4 /* SceneDelegate.swift */; };
		05A96BED244F3F1F0022A4D4 /* ViewController.swift in Sources */ = {isa = PBXBuildFile; fileRef = 05A96BEC244F3F1F0022A4D4 /* ViewController.swift */; };
		05A96BF0244F3F1F0022A4D4 /* Main.storyboard in Resources */ = {isa = PBXBuildFile; fileRef = 05A96BEE244F3F1F0022A4D4 /* Main.storyboard */; };
		05A96BF2244F3F210022A4D4 /* Assets.xcassets in Resources */ = {isa = PBXBuildFile; fileRef = 05A96BF1244F3F210022A4D4 /* Assets.xcassets */; };
		05A96BF5244F3F210022A4D4 /* LaunchScreen.storyboard in Resources */ = {isa = PBXBuildFile; fileRef = 05A96BF3244F3F210022A4D4 /* LaunchScreen.storyboard */; };
		05A96C00244F3F210022A4D4 /* Pompei_Homework_7Tests.swift in Sources */ = {isa = PBXBuildFile; fileRef = 05A96BFF244F3F210022A4D4 /* Pompei_Homework_7Tests.swift */; };
		05A96C0B244F3F210022A4D4 /* Pompei_Homework_7UITests.swift in Sources */ = {isa = PBXBuildFile; fileRef = 05A96C0A244F3F210022A4D4 /* Pompei_Homework_7UITests.swift */; };
/* End PBXBuildFile section */

/* Begin PBXContainerItemProxy section */
		05A96BFC244F3F210022A4D4 /* PBXContainerItemProxy */ = {
			isa = PBXContainerItemProxy;
			containerPortal = 05A96BDD244F3F1F0022A4D4 /* Project object */;
			proxyType = 1;
			remoteGlobalIDString = 05A96BE4244F3F1F0022A4D4;
			remoteInfo = "Pompei Homework 7";
		};
		05A96C07244F3F210022A4D4 /* PBXContainerItemProxy */ = {
			isa = PBXContainerItemProxy;
			containerPortal = 05A96BDD244F3F1F0022A4D4 /* Project object */;
			proxyType = 1;
			remoteGlobalIDString = 05A96BE4244F3F1F0022A4D4;
			remoteInfo = "Pompei Homework 7";
		};
/* End PBXContainerItemProxy section */

/* Begin PBXFileReference section */
		05A96BE5244F3F1F0022A4D4 /* Pompei Homework 7.app */ = {isa = PBXFileReference; explicitFileType = wrapper.application; includeInIndex = 0; path = "Pompei Homework 7.app"; sourceTree = BUILT_PRODUCTS_DIR; };
		05A96BE8244F3F1F0022A4D4 /* AppDelegate.swift */ = {isa = PBXFileReference; lastKnownFileType = sourcecode.swift; path = AppDelegate.swift; sourceTree = "<group>"; };
		05A96BEA244F3F1F0022A4D4 /* SceneDelegate.swift */ = {isa = PBXFileReference; lastKnownFileType = sourcecode.swift; path = SceneDelegate.swift; sourceTree = "<group>"; };
		05A96BEC244F3F1F0022A4D4 /* ViewController.swift */ = {isa = PBXFileReference; lastKnownFileType = sourcecode.swift; path = ViewController.swift; sourceTree = "<group>"; };
		05A96BEF244F3F1F0022A4D4 /* Base */ = {isa = PBXFileReference; lastKnownFileType = file.storyboard; name = Base; path = Base.lproj/Main.storyboard; sourceTree = "<group>"; };
		05A96BF1244F3F210022A4D4 /* Assets.xcassets */ = {isa = PBXFileReference; lastKnownFileType = folder.assetcatalog; path = Assets.xcassets; sourceTree = "<group>"; };
		05A96BF4244F3F210022A4D4 /* Base */ = {isa = PBXFileReference; lastKnownFileType = file.storyboard; name = Base; path = Base.lproj/LaunchScreen.storyboard; sourceTree = "<group>"; };
		05A96BF6244F3F210022A4D4 /* Info.plist */ = {isa = PBXFileReference; lastKnownFileType = text.plist.xml; path = Info.plist; sourceTree = "<group>"; };
		05A96BFB244F3F210022A4D4 /* Pompei Homework 7Tests.xctest */ = {isa = PBXFileReference; explicitFileType = wrapper.cfbundle; includeInIndex = 0; path = "Pompei Homework 7Tests.xctest"; sourceTree = BUILT_PRODUCTS_DIR; };
		05A96BFF244F3F210022A4D4 /* Pompei_Homework_7Tests.swift */ = {isa = PBXFileReference; lastKnownFileType = sourcecode.swift; path = Pompei_Homework_7Tests.swift; sourceTree = "<group>"; };
		05A96C01244F3F210022A4D4 /* Info.plist */ = {isa = PBXFileReference; lastKnownFileType = text.plist.xml; path = Info.plist; sourceTree = "<group>"; };
		05A96C06244F3F210022A4D4 /* Pompei Homework 7UITests.xctest */ = {isa = PBXFileReference; explicitFileType = wrapper.cfbundle; includeInIndex = 0; path = "Pompei Homework 7UITests.xctest"; sourceTree = BUILT_PRODUCTS_DIR; };
		05A96C0A244F3F210022A4D4 /* Pompei_Homework_7UITests.swift */ = {isa = PBXFileReference; lastKnownFileType = sourcecode.swift; path = Pompei_Homework_7UITests.swift; sourceTree = "<group>"; };
		05A96C0C244F3F210022A4D4 /* Info.plist */ = {isa = PBXFileReference; lastKnownFileType = text.plist.xml; path = Info.plist; sourceTree = "<group>"; };
/* End PBXFileReference section */

/* Begin PBXFrameworksBuildPhase section */
		05A96BE2244F3F1F0022A4D4 /* Frameworks */ = {
			isa = PBXFrameworksBuildPhase;
			buildActionMask = 2147483647;
			files = (
			);
			runOnlyForDeploymentPostprocessing = 0;
		};
		05A96BF8244F3F210022A4D4 /* Frameworks */ = {
			isa = PBXFrameworksBuildPhase;
			buildActionMask = 2147483647;
			files = (
			);
			runOnlyForDeploymentPostprocessing = 0;
		};
		05A96C03244F3F210022A4D4 /* Frameworks */ = {
			isa = PBXFrameworksBuildPhase;
			buildActionMask = 2147483647;
			files = (
			);
			runOnlyForDeploymentPostprocessing = 0;
		};
/* End PBXFrameworksBuildPhase section */

/* Begin PBXGroup section */
		05A96BDC244F3F1F0022A4D4 = {
			isa = PBXGroup;
			children = (
				05A96BE7244F3F1F0022A4D4 /* Pompei Homework 7 */,
				05A96BFE244F3F210022A4D4 /* Pompei Homework 7Tests */,
				05A96C09244F3F210022A4D4 /* Pompei Homework 7UITests */,
				05A96BE6244F3F1F0022A4D4 /* Products */,
			);
			sourceTree = "<group>";
		};
		05A96BE6244F3F1F0022A4D4 /* Products */ = {
			isa = PBXGroup;
			children = (
				05A96BE5244F3F1F0022A4D4 /* Pompei Homework 7.app */,
				05A96BFB244F3F210022A4D4 /* Pompei Homework 7Tests.xctest */,
				05A96C06244F3F210022A4D4 /* Pompei Homework 7UITests.xctest */,
			);
			name = Products;
			sourceTree = "<group>";
		};
		05A96BE7244F3F1F0022A4D4 /* Pompei Homework 7 */ = {
			isa = PBXGroup;
			children = (
				05A96BE8244F3F1F0022A4D4 /* AppDelegate.swift */,
				05A96BEA244F3F1F0022A4D4 /* SceneDelegate.swift */,
				05A96BEC244F3F1F0022A4D4 /* ViewController.swift */,
				05A96BEE244F3F1F0022A4D4 /* Main.storyboard */,
				05A96BF1244F3F210022A4D4 /* Assets.xcassets */,
				05A96BF3244F3F210022A4D4 /* LaunchScreen.storyboard */,
				05A96BF6244F3F210022A4D4 /* Info.plist */,
			);
			path = "Pompei Homework 7";
			sourceTree = "<group>";
		};
		05A96BFE244F3F210022A4D4 /* Pompei Homework 7Tests */ = {
			isa = PBXGroup;
			children = (
				05A96BFF244F3F210022A4D4 /* Pompei_Homework_7Tests.swift */,
				05A96C01244F3F210022A4D4 /* Info.plist */,
			);
			path = "Pompei Homework 7Tests";
			sourceTree = "<group>";
		};
		05A96C09244F3F210022A4D4 /* Pompei Homework 7UITests */ = {
			isa = PBXGroup;
			children = (
				05A96C0A244F3F210022A4D4 /* Pompei_Homework_7UITests.swift */,
				05A96C0C244F3F210022A4D4 /* Info.plist */,
			);
			path = "Pompei Homework 7UITests";
			sourceTree = "<group>";
		};
/* End PBXGroup section */

/* Begin PBXNativeTarget section */
		05A96BE4244F3F1F0022A4D4 /* Pompei Homework 7 */ = {
			isa = PBXNativeTarget;
			buildConfigurationList = 05A96C0F244F3F210022A4D4 /* Build configuration list for PBXNativeTarget "Pompei Homework 7" */;
			buildPhases = (
				05A96BE1244F3F1F0022A4D4 /* Sources */,
				05A96BE2244F3F1F0022A4D4 /* Frameworks */,
				05A96BE3244F3F1F0022A4D4 /* Resources */,
			);
			buildRules = (
			);
			dependencies = (
			);
			name = "Pompei Homework 7";
			productName = "Pompei Homework 7";
			productReference = 05A96BE5244F3F1F0022A4D4 /* Pompei Homework 7.app */;
			productType = "com.apple.product-type.application";
		};
		05A96BFA244F3F210022A4D4 /* Pompei Homework 7Tests */ = {
			isa = PBXNativeTarget;
			buildConfigurationList = 05A96C12244F3F210022A4D4 /* Build configuration list for PBXNativeTarget "Pompei Homework 7Tests" */;
			buildPhases = (
				05A96BF7244F3F210022A4D4 /* Sources */,
				05A96BF8244F3F210022A4D4 /* Frameworks */,
				05A96BF9244F3F210022A4D4 /* Resources */,
			);
			buildRules = (
			);
			dependencies = (
				05A96BFD244F3F210022A4D4 /* PBXTargetDependency */,
			);
			name = "Pompei Homework 7Tests";
			productName = "Pompei Homework 7Tests";
			productReference = 05A96BFB244F3F210022A4D4 /* Pompei Homework 7Tests.xctest */;
			productType = "com.apple.product-type.bundle.unit-test";
		};
		05A96C05244F3F210022A4D4 /* Pompei Homework 7UITests */ = {
			isa = PBXNativeTarget;
			buildConfigurationList = 05A96C15244F3F210022A4D4 /* Build configuration list for PBXNativeTarget "Pompei Homework 7UITests" */;
			buildPhases = (
				05A96C02244F3F210022A4D4 /* Sources */,
				05A96C03244F3F210022A4D4 /* Frameworks */,
				05A96C04244F3F210022A4D4 /* Resources */,
			);
			buildRules = (
			);
			dependencies = (
				05A96C08244F3F210022A4D4 /* PBXTargetDependency */,
			);
			name = "Pompei Homework 7UITests";
			productName = "Pompei Homework 7UITests";
			productReference = 05A96C06244F3F210022A4D4 /* Pompei Homework 7UITests.xctest */;
			productType = "com.apple.product-type.bundle.ui-testing";
		};
/* End PBXNativeTarget section */

/* Begin PBXProject section */
		05A96BDD244F3F1F0022A4D4 /* Project object */ = {
			isa = PBXProject;
			attributes = {
				LastSwiftUpdateCheck = 1130;
				LastUpgradeCheck = 1130;
				ORGANIZATIONNAME = "Michael David Pompei";
				TargetAttributes = {
					05A96BE4244F3F1F0022A4D4 = {
						CreatedOnToolsVersion = 11.3.1;
					};
					05A96BFA244F3F210022A4D4 = {
						CreatedOnToolsVersion = 11.3.1;
						TestTargetID = 05A96BE4244F3F1F0022A4D4;
					};
					05A96C05244F3F210022A4D4 = {
						CreatedOnToolsVersion = 11.3.1;
						TestTargetID = 05A96BE4244F3F1F0022A4D4;
					};
				};
			};
			buildConfigurationList = 05A96BE0244F3F1F0022A4D4 /* Build configuration list for PBXProject "Pompei Homework 7" */;
			compatibilityVersion = "Xcode 9.3";
			developmentRegion = en;
			hasScannedForEncodings = 0;
			knownRegions = (
				en,
				Base,
			);
			mainGroup = 05A96BDC244F3F1F0022A4D4;
			productRefGroup = 05A96BE6244F3F1F0022A4D4 /* Products */;
			projectDirPath = "";
			projectRoot = "";
			targets = (
				05A96BE4244F3F1F0022A4D4 /* Pompei Homework 7 */,
				05A96BFA244F3F210022A4D4 /* Pompei Homework 7Tests */,
				05A96C05244F3F210022A4D4 /* Pompei Homework 7UITests */,
			);
		};
/* End PBXProject section */

/* Begin PBXResourcesBuildPhase section */
		05A96BE3244F3F1F0022A4D4 /* Resources */ = {
			isa = PBXResourcesBuildPhase;
			buildActionMask = 2147483647;
			files = (
				05A96BF5244F3F210022A4D4 /* LaunchScreen.storyboard in Resources */,
				05A96BF2244F3F210022A4D4 /* Assets.xcassets in Resources */,
				05A96BF0244F3F1F0022A4D4 /* Main.storyboard in Resources */,
			);
			runOnlyForDeploymentPostprocessing = 0;
		};
		05A96BF9244F3F210022A4D4 /* Resources */ = {
			isa = PBXResourcesBuildPhase;
			buildActionMask = 2147483647;
			files = (
			);
			runOnlyForDeploymentPostprocessing = 0;
		};
		05A96C04244F3F210022A4D4 /* Resources */ = {
			isa = PBXResourcesBuildPhase;
			buildActionMask = 2147483647;
			files = (
			);
			runOnlyForDeploymentPostprocessing = 0;
		};
/* End PBXResourcesBuildPhase section */

/* Begin PBXSourcesBuildPhase section */
		05A96BE1244F3F1F0022A4D4 /* Sources */ = {
			isa = PBXSourcesBuildPhase;
			buildActionMask = 2147483647;
			files = (
				05A96BED244F3F1F0022A4D4 /* ViewController.swift in Sources */,
				05A96BE9244F3F1F0022A4D4 /* AppDelegate.swift in Sources */,
				05A96BEB244F3F1F0022A4D4 /* SceneDelegate.swift in Sources */,
			);
			runOnlyForDeploymentPostprocessing = 0;
		};
		05A96BF7244F3F210022A4D4 /* Sources */ = {
			isa = PBXSourcesBuildPhase;
			buildActionMask = 2147483647;
			files = (
				05A96C00244F3F210022A4D4 /* Pompei_Homework_7Tests.swift in Sources */,
			);
			runOnlyForDeploymentPostprocessing = 0;
		};
		05A96C02244F3F210022A4D4 /* Sources */ = {
			isa = PBXSourcesBuildPhase;
			buildActionMask = 2147483647;
			files = (
				05A96C0B244F3F210022A4D4 /* Pompei_Homework_7UITests.swift in Sources */,
			);
			runOnlyForDeploymentPostprocessing = 0;
		};
/* End PBXSourcesBuildPhase section */

/* Begin PBXTargetDependency section */
		05A96BFD244F3F210022A4D4 /* PBXTargetDependency */ = {
			isa = PBXTargetDependency;
			target = 05A96BE4244F3F1F0022A4D4 /* Pompei Homework 7 */;
			targetProxy = 05A96BFC244F3F210022A4D4 /* PBXContainerItemProxy */;
		};
		05A96C08244F3F210022A4D4 /* PBXTargetDependency */ = {
			isa = PBXTargetDependency;
			target = 05A96BE4244F3F1F0022A4D4 /* Pompei Homework 7 */;
			targetProxy = 05A96C07244F3F210022A4D4 /* PBXContainerItemProxy */;
		};
/* End PBXTargetDependency section */

/* Begin PBXVariantGroup section */
		05A96BEE244F3F1F0022A4D4 /* Main.storyboard */ = {
			isa = PBXVariantGroup;
			children = (
				05A96BEF244F3F1F0022A4D4 /* Base */,
			);
			name = Main.storyboard;
			sourceTree = "<group>";
		};
		05A96BF3244F3F210022A4D4 /* LaunchScreen.storyboard */ = {
			isa = PBXVariantGroup;
			children = (
				05A96BF4244F3F210022A4D4 /* Base */,
			);
			name = LaunchScreen.storyboard;
			sourceTree = "<group>";
		};
/* End PBXVariantGroup section */

/* Begin XCBuildConfiguration section */
		05A96C0D244F3F210022A4D4 /* Debug */ = {
			isa = XCBuildConfiguration;
			buildSettings = {
				ALWAYS_SEARCH_USER_PATHS = NO;
				CLANG_ANALYZER_NONNULL = YES;
				CLANG_ANALYZER_NUMBER_OBJECT_CONVERSION = YES_AGGRESSIVE;
				CLANG_CXX_LANGUAGE_STANDARD = "gnu++14";
				CLANG_CXX_LIBRARY = "libc++";
				CLANG_ENABLE_MODULES = YES;
				CLANG_ENABLE_OBJC_ARC = YES;
				CLANG_ENABLE_OBJC_WEAK = YES;
				CLANG_WARN_BLOCK_CAPTURE_AUTORELEASING = YES;
				CLANG_WARN_BOOL_CONVERSION = YES;
				CLANG_WARN_COMMA = YES;
				CLANG_WARN_CONSTANT_CONVERSION = YES;
				CLANG_WARN_DEPRECATED_OBJC_IMPLEMENTATIONS = YES;
				CLANG_WARN_DIRECT_OBJC_ISA_USAGE = YES_ERROR;
				CLANG_WARN_DOCUMENTATION_COMMENTS = YES;
				CLANG_WARN_EMPTY_BODY = YES;
				CLANG_WARN_ENUM_CONVERSION = YES;
				CLANG_WARN_INFINITE_RECURSION = YES;
				CLANG_WARN_INT_CONVERSION = YES;
				CLANG_WARN_NON_LITERAL_NULL_CONVERSION = YES;
				CLANG_WARN_OBJC_IMPLICIT_RETAIN_SELF = YES;
				CLANG_WARN_OBJC_LITERAL_CONVERSION = YES;
				CLANG_WARN_OBJC_ROOT_CLASS = YES_ERROR;
				CLANG_WARN_RANGE_LOOP_ANALYSIS = YES;
				CLANG_WARN_STRICT_PROTOTYPES = YES;
				CLANG_WARN_SUSPICIOUS_MOVE = YES;
				CLANG_WARN_UNGUARDED_AVAILABILITY = YES_AGGRESSIVE;
				CLANG_WARN_UNREACHABLE_CODE = YES;
				CLANG_WARN__DUPLICATE_METHOD_MATCH = YES;
				COPY_PHASE_STRIP = NO;
				DEBUG_INFORMATION_FORMAT = dwarf;
				ENABLE_STRICT_OBJC_MSGSEND = YES;
				ENABLE_TESTABILITY = YES;
				GCC_C_LANGUAGE_STANDARD = gnu11;
				GCC_DYNAMIC_NO_PIC = NO;
				GCC_NO_COMMON_BLOCKS = YES;
				GCC_OPTIMIZATION_LEVEL = 0;
				GCC_PREPROCESSOR_DEFINITIONS = (
					"DEBUG=1",
					"$(inherited)",
				);
				GCC_WARN_64_TO_32_BIT_CONVERSION = YES;
				GCC_WARN_ABOUT_RETURN_TYPE = YES_ERROR;
				GCC_WARN_UNDECLARED_SELECTOR = YES;
				GCC_WARN_UNINITIALIZED_AUTOS = YES_AGGRESSIVE;
				GCC_WARN_UNUSED_FUNCTION = YES;
				GCC_WARN_UNUSED_VARIABLE = YES;
				IPHONEOS_DEPLOYMENT_TARGET = 13.2;
				MTL_ENABLE_DEBUG_INFO = INCLUDE_SOURCE;
				MTL_FAST_MATH = YES;
				ONLY_ACTIVE_ARCH = YES;
				SDKROOT = iphoneos;
				SWIFT_ACTIVE_COMPILATION_CONDITIONS = DEBUG;
				SWIFT_OPTIMIZATION_LEVEL = "-Onone";
			};
			name = Debug;
		};
		05A96C0E244F3F210022A4D4 /* Release */ = {
			isa = XCBuildConfiguration;
			buildSettings = {
				ALWAYS_SEARCH_USER_PATHS = NO;
				CLANG_ANALYZER_NONNULL = YES;
				CLANG_ANALYZER_NUMBER_OBJECT_CONVERSION = YES_AGGRESSIVE;
				CLANG_CXX_LANGUAGE_STANDARD = "gnu++14";
				CLANG_CXX_LIBRARY = "libc++";
				CLANG_ENABLE_MODULES = YES;
				CLANG_ENABLE_OBJC_ARC = YES;
				CLANG_ENABLE_OBJC_WEAK = YES;
				CLANG_WARN_BLOCK_CAPTURE_AUTORELEASING = YES;
				CLANG_WARN_BOOL_CONVERSION = YES;
				CLANG_WARN_COMMA = YES;
				CLANG_WARN_CONSTANT_CONVERSION = YES;
				CLANG_WARN_DEPRECATED_OBJC_IMPLEMENTATIONS = YES;
				CLANG_WARN_DIRECT_OBJC_ISA_USAGE = YES_ERROR;
				CLANG_WARN_DOCUMENTATION_COMMENTS = YES;
				CLANG_WARN_EMPTY_BODY = YES;
				CLANG_WARN_ENUM_CONVERSION = YES;
				CLANG_WARN_INFINITE_RECURSION = YES;
				CLANG_WARN_INT_CONVERSION = YES;
				CLANG_WARN_NON_LITERAL_NULL_CONVERSION = YES;
				CLANG_WARN_OBJC_IMPLICIT_RETAIN_SELF = YES;
				CLANG_WARN_OBJC_LITERAL_CONVERSION = YES;
				CLANG_WARN_OBJC_ROOT_CLASS = YES_ERROR;
				CLANG_WARN_RANGE_LOOP_ANALYSIS = YES;
				CLANG_WARN_STRICT_PROTOTYPES = YES;
				CLANG_WARN_SUSPICIOUS_MOVE = YES;
				CLANG_WARN_UNGUARDED_AVAILABILITY = YES_AGGRESSIVE;
				CLANG_WARN_UNREACHABLE_CODE = YES;
				CLANG_WARN__DUPLICATE_METHOD_MATCH = YES;
				COPY_PHASE_STRIP = NO;
				DEBUG_INFORMATION_FORMAT = "dwarf-with-dsym";
				ENABLE_NS_ASSERTIONS = NO;
				ENABLE_STRICT_OBJC_MSGSEND = YES;
				GCC_C_LANGUAGE_STANDARD = gnu11;
				GCC_NO_COMMON_BLOCKS = YES;
				GCC_WARN_64_TO_32_BIT_CONVERSION = YES;
				GCC_WARN_ABOUT_RETURN_TYPE = YES_ERROR;
				GCC_WARN_UNDECLARED_SELECTOR = YES;
				GCC_WARN_UNINITIALIZED_AUTOS = YES_AGGRESSIVE;
				GCC_WARN_UNUSED_FUNCTION = YES;
				GCC_WARN_UNUSED_VARIABLE = YES;
				IPHONEOS_DEPLOYMENT_TARGET = 13.2;
				MTL_ENABLE_DEBUG_INFO = NO;
				MTL_FAST_MATH = YES;
				SDKROOT = iphoneos;
				SWIFT_COMPILATION_MODE = wholemodule;
				SWIFT_OPTIMIZATION_LEVEL = "-O";
				VALIDATE_PRODUCT = YES;
			};
			name = Release;
		};
		05A96C10244F3F210022A4D4 /* Debug */ = {
			isa = XCBuildConfiguration;
			buildSettings = {
				ASSETCATALOG_COMPILER_APPICON_NAME = AppIcon;
				CODE_SIGN_STYLE = Automatic;
				INFOPLIST_FILE = "Pompei Homework 7/Info.plist";
				LD_RUNPATH_SEARCH_PATHS = (
					"$(inherited)",
					"@executable_path/Frameworks",
				);
				PRODUCT_BUNDLE_IDENTIFIER = "com.Pompei-Homework-7";
				PRODUCT_NAME = "$(TARGET_NAME)";
				SWIFT_VERSION = 5.0;
				TARGETED_DEVICE_FAMILY = "1,2";
			};
			name = Debug;
		};
		05A96C11244F3F210022A4D4 /* Release */ = {
			isa = XCBuildConfiguration;
			buildSettings = {
				ASSETCATALOG_COMPILER_APPICON_NAME = AppIcon;
				CODE_SIGN_STYLE = Automatic;
				INFOPLIST_FILE = "Pompei Homework 7/Info.plist";
				LD_RUNPATH_SEARCH_PATHS = (
					"$(inherited)",
					"@executable_path/Frameworks",
				);
				PRODUCT_BUNDLE_IDENTIFIER = "com.Pompei-Homework-7";
				PRODUCT_NAME = "$(TARGET_NAME)";
				SWIFT_VERSION = 5.0;
				TARGETED_DEVICE_FAMILY = "1,2";
			};
			name = Release;
		};
		05A96C13244F3F210022A4D4 /* Debug */ = {
			isa = XCBuildConfiguration;
			buildSettings = {
				ALWAYS_EMBED_SWIFT_STANDARD_LIBRARIES = YES;
				BUNDLE_LOADER = "$(TEST_HOST)";
				CODE_SIGN_STYLE = Automatic;
				INFOPLIST_FILE = "Pompei Homework 7Tests/Info.plist";
				IPHONEOS_DEPLOYMENT_TARGET = 13.2;
				LD_RUNPATH_SEARCH_PATHS = (
					"$(inherited)",
					"@executable_path/Frameworks",
					"@loader_path/Frameworks",
				);
				PRODUCT_BUNDLE_IDENTIFIER = "com.Pompei-Homework-7Tests";
				PRODUCT_NAME = "$(TARGET_NAME)";
				SWIFT_VERSION = 5.0;
				TARGETED_DEVICE_FAMILY = "1,2";
				TEST_HOST = "$(BUILT_PRODUCTS_DIR)/Pompei Homework 7.app/Pompei Homework 7";
			};
			name = Debug;
		};
		05A96C14244F3F210022A4D4 /* Release */ = {
			isa = XCBuildConfiguration;
			buildSettings = {
				ALWAYS_EMBED_SWIFT_STANDARD_LIBRARIES = YES;
				BUNDLE_LOADER = "$(TEST_HOST)";
				CODE_SIGN_STYLE = Automatic;
				INFOPLIST_FILE = "Pompei Homework 7Tests/Info.plist";
				IPHONEOS_DEPLOYMENT_TARGET = 13.2;
				LD_RUNPATH_SEARCH_PATHS = (
					"$(inherited)",
					"@executable_path/Frameworks",
					"@loader_path/Frameworks",
				);
				PRODUCT_BUNDLE_IDENTIFIER = "com.Pompei-Homework-7Tests";
				PRODUCT_NAME = "$(TARGET_NAME)";
				SWIFT_VERSION = 5.0;
				TARGETED_DEVICE_FAMILY = "1,2";
				TEST_HOST = "$(BUILT_PRODUCTS_DIR)/Pompei Homework 7.app/Pompei Homework 7";
			};
			name = Release;
		};
		05A96C16244F3F210022A4D4 /* Debug */ = {
			isa = XCBuildConfiguration;
			buildSettings = {
				ALWAYS_EMBED_SWIFT_STANDARD_LIBRARIES = YES;
				CODE_SIGN_STYLE = Automatic;
				INFOPLIST_FILE = "Pompei Homework 7UITests/Info.plist";
				LD_RUNPATH_SEARCH_PATHS = (
					"$(inherited)",
					"@executable_path/Frameworks",
					"@loader_path/Frameworks",
				);
				PRODUCT_BUNDLE_IDENTIFIER = "com.Pompei-Homework-7UITests";
				PRODUCT_NAME = "$(TARGET_NAME)";
				SWIFT_VERSION = 5.0;
				TARGETED_DEVICE_FAMILY = "1,2";
				TEST_TARGET_NAME = "Pompei Homework 7";
			};
			name = Debug;
		};
		05A96C17244F3F210022A4D4 /* Release */ = {
			isa = XCBuildConfiguration;
			buildSettings = {
				ALWAYS_EMBED_SWIFT_STANDARD_LIBRARIES = YES;
				CODE_SIGN_STYLE = Automatic;
				INFOPLIST_FILE = "Pompei Homework 7UITests/Info.plist";
				LD_RUNPATH_SEARCH_PATHS = (
					"$(inherited)",
					"@executable_path/Frameworks",
					"@loader_path/Frameworks",
				);
				PRODUCT_BUNDLE_IDENTIFIER = "com.Pompei-Homework-7UITests";
				PRODUCT_NAME = "$(TARGET_NAME)";
				SWIFT_VERSION = 5.0;
				TARGETED_DEVICE_FAMILY = "1,2";
				TEST_TARGET_NAME = "Pompei Homework 7";
			};
			name = Release;
		};
/* End XCBuildConfiguration section */

/* Begin XCConfigurationList section */
		05A96BE0244F3F1F0022A4D4 /* Build configuration list for PBXProject "Pompei Homework 7" */ = {
			isa = XCConfigurationList;
			buildConfigurations = (
				05A96C0D244F3F210022A4D4 /* Debug */,
				05A96C0E244F3F210022A4D4 /* Release */,
			);
			defaultConfigurationIsVisible = 0;
			defaultConfigurationName = Release;
		};
		05A96C0F244F3F210022A4D4 /* Build configuration list for PBXNativeTarget "Pompei Homework 7" */ = {
			isa = XCConfigurationList;
			buildConfigurations = (
				05A96C10244F3F210022A4D4 /* Debug */,
				05A96C11244F3F210022A4D4 /* Release */,
			);
			defaultConfigurationIsVisible = 0;
			defaultConfigurationName = Release;
		};
		05A96C12244F3F210022A4D4 /* Build configuration list for PBXNativeTarget "Pompei Homework 7Tests" */ = {
			isa = XCConfigurationList;
			buildConfigurations = (
				05A96C13244F3F210022A4D4 /* Debug */,
				05A96C14244F3F210022A4D4 /* Release */,
			);
			defaultConfigurationIsVisible = 0;
			defaultConfigurationName = Release;
		};
		05A96C15244F3F210022A4D4 /* Build configuration list for PBXNativeTarget "Pompei Homework 7UITests" */ = {
			isa = XCConfigurationList;
			buildConfigurations = (
				05A96C16244F3F210022A4D4 /* Debug */,
				05A96C17244F3F210022A4D4 /* Release */,
			);
			defaultConfigurationIsVisible = 0;
			defaultConfigurationName = Release;
		};
/* End XCConfigurationList section */
	};
	rootObject = 05A96BDD244F3F1F0022A4D4 /* Project object */;
}
