// !$*UTF8*$!
{
	archiveVersion = 1;
	classes = {
	};
	objectVersion = 50;
	objects = {

/* Begin PBXBuildFile section */
		051E4E77242A5C7300CCCD4C /* AppDelegate.swift in Sources */ = {isa = PBXBuildFile; fileRef = 051E4E76242A5C7300CCCD4C /* AppDelegate.swift */; };
		051E4E79242A5C7300CCCD4C /* SceneDelegate.swift in Sources */ = {isa = PBXBuildFile; fileRef = 051E4E78242A5C7300CCCD4C /* SceneDelegate.swift */; };
		051E4E7E242A5C7300CCCD4C /* Main.storyboard in Resources */ = {isa = PBXBuildFile; fileRef = 051E4E7C242A5C7300CCCD4C /* Main.storyboard */; };
		051E4E80242A5C7600CCCD4C /* Assets.xcassets in Resources */ = {isa = PBXBuildFile; fileRef = 051E4E7F242A5C7600CCCD4C /* Assets.xcassets */; };
		051E4E83242A5C7600CCCD4C /* LaunchScreen.storyboard in Resources */ = {isa = PBXBuildFile; fileRef = 051E4E81242A5C7600CCCD4C /* LaunchScreen.storyboard */; };
		051E4E8E242A5C7700CCCD4C /* Homework_6Tests.swift in Sources */ = {isa = PBXBuildFile; fileRef = 051E4E8D242A5C7700CCCD4C /* Homework_6Tests.swift */; };
		051E4E99242A5C7700CCCD4C /* Homework_6UITests.swift in Sources */ = {isa = PBXBuildFile; fileRef = 051E4E98242A5C7700CCCD4C /* Homework_6UITests.swift */; };
		051E4EA72436AA8500CCCD4C /* ViewController.swift in Sources */ = {isa = PBXBuildFile; fileRef = 051E4EA62436AA8500CCCD4C /* ViewController.swift */; };
		051E4EA92436AB5600CCCD4C /* TBViewController.swift in Sources */ = {isa = PBXBuildFile; fileRef = 051E4EA82436AB5600CCCD4C /* TBViewController.swift */; };
		051E4EAB2436AB8000CCCD4C /* votingViewController.swift in Sources */ = {isa = PBXBuildFile; fileRef = 051E4EAA2436AB8000CCCD4C /* votingViewController.swift */; };
		051E4EAD2436AFC600CCCD4C /* voteViewController.swift in Sources */ = {isa = PBXBuildFile; fileRef = 051E4EAC2436AFC600CCCD4C /* voteViewController.swift */; };
/* End PBXBuildFile section */

/* Begin PBXContainerItemProxy section */
		051E4E8A242A5C7700CCCD4C /* PBXContainerItemProxy */ = {
			isa = PBXContainerItemProxy;
			containerPortal = 051E4E6B242A5C7300CCCD4C /* Project object */;
			proxyType = 1;
			remoteGlobalIDString = 051E4E72242A5C7300CCCD4C;
			remoteInfo = "Homework 6";
		};
		051E4E95242A5C7700CCCD4C /* PBXContainerItemProxy */ = {
			isa = PBXContainerItemProxy;
			containerPortal = 051E4E6B242A5C7300CCCD4C /* Project object */;
			proxyType = 1;
			remoteGlobalIDString = 051E4E72242A5C7300CCCD4C;
			remoteInfo = "Homework 6";
		};
/* End PBXContainerItemProxy section */

/* Begin PBXFileReference section */
		051E4E73242A5C7300CCCD4C /* Homework 6.app */ = {isa = PBXFileReference; explicitFileType = wrapper.application; includeInIndex = 0; path = "Homework 6.app"; sourceTree = BUILT_PRODUCTS_DIR; };
		051E4E76242A5C7300CCCD4C /* AppDelegate.swift */ = {isa = PBXFileReference; lastKnownFileType = sourcecode.swift; path = AppDelegate.swift; sourceTree = "<group>"; };
		051E4E78242A5C7300CCCD4C /* SceneDelegate.swift */ = {isa = PBXFileReference; lastKnownFileType = sourcecode.swift; path = SceneDelegate.swift; sourceTree = "<group>"; };
		051E4E7D242A5C7300CCCD4C /* Base */ = {isa = PBXFileReference; lastKnownFileType = file.storyboard; name = Base; path = Base.lproj/Main.storyboard; sourceTree = "<group>"; };
		051E4E7F242A5C7600CCCD4C /* Assets.xcassets */ = {isa = PBXFileReference; lastKnownFileType = folder.assetcatalog; path = Assets.xcassets; sourceTree = "<group>"; };
		051E4E82242A5C7600CCCD4C /* Base */ = {isa = PBXFileReference; lastKnownFileType = file.storyboard; name = Base; path = Base.lproj/LaunchScreen.storyboard; sourceTree = "<group>"; };
		051E4E84242A5C7600CCCD4C /* Info.plist */ = {isa = PBXFileReference; lastKnownFileType = text.plist.xml; path = Info.plist; sourceTree = "<group>"; };
		051E4E89242A5C7700CCCD4C /* Homework 6Tests.xctest */ = {isa = PBXFileReference; explicitFileType = wrapper.cfbundle; includeInIndex = 0; path = "Homework 6Tests.xctest"; sourceTree = BUILT_PRODUCTS_DIR; };
		051E4E8D242A5C7700CCCD4C /* Homework_6Tests.swift */ = {isa = PBXFileReference; lastKnownFileType = sourcecode.swift; path = Homework_6Tests.swift; sourceTree = "<group>"; };
		051E4E8F242A5C7700CCCD4C /* Info.plist */ = {isa = PBXFileReference; lastKnownFileType = text.plist.xml; path = Info.plist; sourceTree = "<group>"; };
		051E4E94242A5C7700CCCD4C /* Homework 6UITests.xctest */ = {isa = PBXFileReference; explicitFileType = wrapper.cfbundle; includeInIndex = 0; path = "Homework 6UITests.xctest"; sourceTree = BUILT_PRODUCTS_DIR; };
		051E4E98242A5C7700CCCD4C /* Homework_6UITests.swift */ = {isa = PBXFileReference; lastKnownFileType = sourcecode.swift; path = Homework_6UITests.swift; sourceTree = "<group>"; };
		051E4E9A242A5C7700CCCD4C /* Info.plist */ = {isa = PBXFileReference; lastKnownFileType = text.plist.xml; path = Info.plist; sourceTree = "<group>"; };
		051E4EA62436AA8500CCCD4C /* ViewController.swift */ = {isa = PBXFileReference; lastKnownFileType = sourcecode.swift; path = ViewController.swift; sourceTree = "<group>"; };
		051E4EA82436AB5600CCCD4C /* TBViewController.swift */ = {isa = PBXFileReference; lastKnownFileType = sourcecode.swift; path = TBViewController.swift; sourceTree = "<group>"; };
		051E4EAA2436AB8000CCCD4C /* votingViewController.swift */ = {isa = PBXFileReference; lastKnownFileType = sourcecode.swift; path = votingViewController.swift; sourceTree = "<group>"; };
		051E4EAC2436AFC600CCCD4C /* voteViewController.swift */ = {isa = PBXFileReference; lastKnownFileType = sourcecode.swift; path = voteViewController.swift; sourceTree = "<group>"; };
/* End PBXFileReference section */

/* Begin PBXFrameworksBuildPhase section */
		051E4E70242A5C7300CCCD4C /* Frameworks */ = {
			isa = PBXFrameworksBuildPhase;
			buildActionMask = 2147483647;
			files = (
			);
			runOnlyForDeploymentPostprocessing = 0;
		};
		051E4E86242A5C7700CCCD4C /* Frameworks */ = {
			isa = PBXFrameworksBuildPhase;
			buildActionMask = 2147483647;
			files = (
			);
			runOnlyForDeploymentPostprocessing = 0;
		};
		051E4E91242A5C7700CCCD4C /* Frameworks */ = {
			isa = PBXFrameworksBuildPhase;
			buildActionMask = 2147483647;
			files = (
			);
			runOnlyForDeploymentPostprocessing = 0;
		};
/* End PBXFrameworksBuildPhase section */

/* Begin PBXGroup section */
		051E4E6A242A5C7300CCCD4C = {
			isa = PBXGroup;
			children = (
				051E4E75242A5C7300CCCD4C /* Homework 6 */,
				051E4E8C242A5C7700CCCD4C /* Homework 6Tests */,
				051E4E97242A5C7700CCCD4C /* Homework 6UITests */,
				051E4E74242A5C7300CCCD4C /* Products */,
			);
			sourceTree = "<group>";
		};
		051E4E74242A5C7300CCCD4C /* Products */ = {
			isa = PBXGroup;
			children = (
				051E4E73242A5C7300CCCD4C /* Homework 6.app */,
				051E4E89242A5C7700CCCD4C /* Homework 6Tests.xctest */,
				051E4E94242A5C7700CCCD4C /* Homework 6UITests.xctest */,
			);
			name = Products;
			sourceTree = "<group>";
		};
		051E4E75242A5C7300CCCD4C /* Homework 6 */ = {
			isa = PBXGroup;
			children = (
				051E4E76242A5C7300CCCD4C /* AppDelegate.swift */,
				051E4E78242A5C7300CCCD4C /* SceneDelegate.swift */,
				051E4E7C242A5C7300CCCD4C /* Main.storyboard */,
				051E4EAC2436AFC600CCCD4C /* voteViewController.swift */,
				051E4EAA2436AB8000CCCD4C /* votingViewController.swift */,
				051E4EA82436AB5600CCCD4C /* TBViewController.swift */,
				051E4EA62436AA8500CCCD4C /* ViewController.swift */,
				051E4E7F242A5C7600CCCD4C /* Assets.xcassets */,
				051E4E81242A5C7600CCCD4C /* LaunchScreen.storyboard */,
				051E4E84242A5C7600CCCD4C /* Info.plist */,
			);
			path = "Homework 6";
			sourceTree = "<group>";
		};
		051E4E8C242A5C7700CCCD4C /* Homework 6Tests */ = {
			isa = PBXGroup;
			children = (
				051E4E8D242A5C7700CCCD4C /* Homework_6Tests.swift */,
				051E4E8F242A5C7700CCCD4C /* Info.plist */,
			);
			path = "Homework 6Tests";
			sourceTree = "<group>";
		};
		051E4E97242A5C7700CCCD4C /* Homework 6UITests */ = {
			isa = PBXGroup;
			children = (
				051E4E98242A5C7700CCCD4C /* Homework_6UITests.swift */,
				051E4E9A242A5C7700CCCD4C /* Info.plist */,
			);
			path = "Homework 6UITests";
			sourceTree = "<group>";
		};
/* End PBXGroup section */

/* Begin PBXNativeTarget section */
		051E4E72242A5C7300CCCD4C /* Homework 6 */ = {
			isa = PBXNativeTarget;
			buildConfigurationList = 051E4E9D242A5C7700CCCD4C /* Build configuration list for PBXNativeTarget "Homework 6" */;
			buildPhases = (
				051E4E6F242A5C7300CCCD4C /* Sources */,
				051E4E70242A5C7300CCCD4C /* Frameworks */,
				051E4E71242A5C7300CCCD4C /* Resources */,
			);
			buildRules = (
			);
			dependencies = (
			);
			name = "Homework 6";
			productName = "Homework 6";
			productReference = 051E4E73242A5C7300CCCD4C /* Homework 6.app */;
			productType = "com.apple.product-type.application";
		};
		051E4E88242A5C7700CCCD4C /* Homework 6Tests */ = {
			isa = PBXNativeTarget;
			buildConfigurationList = 051E4EA0242A5C7700CCCD4C /* Build configuration list for PBXNativeTarget "Homework 6Tests" */;
			buildPhases = (
				051E4E85242A5C7700CCCD4C /* Sources */,
				051E4E86242A5C7700CCCD4C /* Frameworks */,
				051E4E87242A5C7700CCCD4C /* Resources */,
			);
			buildRules = (
			);
			dependencies = (
				051E4E8B242A5C7700CCCD4C /* PBXTargetDependency */,
			);
			name = "Homework 6Tests";
			productName = "Homework 6Tests";
			productReference = 051E4E89242A5C7700CCCD4C /* Homework 6Tests.xctest */;
			productType = "com.apple.product-type.bundle.unit-test";
		};
		051E4E93242A5C7700CCCD4C /* Homework 6UITests */ = {
			isa = PBXNativeTarget;
			buildConfigurationList = 051E4EA3242A5C7700CCCD4C /* Build configuration list for PBXNativeTarget "Homework 6UITests" */;
			buildPhases = (
				051E4E90242A5C7700CCCD4C /* Sources */,
				051E4E91242A5C7700CCCD4C /* Frameworks */,
				051E4E92242A5C7700CCCD4C /* Resources */,
			);
			buildRules = (
			);
			dependencies = (
				051E4E96242A5C7700CCCD4C /* PBXTargetDependency */,
			);
			name = "Homework 6UITests";
			productName = "Homework 6UITests";
			productReference = 051E4E94242A5C7700CCCD4C /* Homework 6UITests.xctest */;
			productType = "com.apple.product-type.bundle.ui-testing";
		};
/* End PBXNativeTarget section */

/* Begin PBXProject section */
		051E4E6B242A5C7300CCCD4C /* Project object */ = {
			isa = PBXProject;
			attributes = {
				LastSwiftUpdateCheck = 1130;
				LastUpgradeCheck = 1130;
				ORGANIZATIONNAME = "Michael David Pompei";
				TargetAttributes = {
					051E4E72242A5C7300CCCD4C = {
						CreatedOnToolsVersion = 11.3.1;
					};
					051E4E88242A5C7700CCCD4C = {
						CreatedOnToolsVersion = 11.3.1;
						TestTargetID = 051E4E72242A5C7300CCCD4C;
					};
					051E4E93242A5C7700CCCD4C = {
						CreatedOnToolsVersion = 11.3.1;
						TestTargetID = 051E4E72242A5C7300CCCD4C;
					};
				};
			};
			buildConfigurationList = 051E4E6E242A5C7300CCCD4C /* Build configuration list for PBXProject "Homework 6" */;
			compatibilityVersion = "Xcode 9.3";
			developmentRegion = en;
			hasScannedForEncodings = 0;
			knownRegions = (
				en,
				Base,
			);
			mainGroup = 051E4E6A242A5C7300CCCD4C;
			productRefGroup = 051E4E74242A5C7300CCCD4C /* Products */;
			projectDirPath = "";
			projectRoot = "";
			targets = (
				051E4E72242A5C7300CCCD4C /* Homework 6 */,
				051E4E88242A5C7700CCCD4C /* Homework 6Tests */,
				051E4E93242A5C7700CCCD4C /* Homework 6UITests */,
			);
		};
/* End PBXProject section */

/* Begin PBXResourcesBuildPhase section */
		051E4E71242A5C7300CCCD4C /* Resources */ = {
			isa = PBXResourcesBuildPhase;
			buildActionMask = 2147483647;
			files = (
				051E4E83242A5C7600CCCD4C /* LaunchScreen.storyboard in Resources */,
				051E4E80242A5C7600CCCD4C /* Assets.xcassets in Resources */,
				051E4E7E242A5C7300CCCD4C /* Main.storyboard in Resources */,
			);
			runOnlyForDeploymentPostprocessing = 0;
		};
		051E4E87242A5C7700CCCD4C /* Resources */ = {
			isa = PBXResourcesBuildPhase;
			buildActionMask = 2147483647;
			files = (
			);
			runOnlyForDeploymentPostprocessing = 0;
		};
		051E4E92242A5C7700CCCD4C /* Resources */ = {
			isa = PBXResourcesBuildPhase;
			buildActionMask = 2147483647;
			files = (
			);
			runOnlyForDeploymentPostprocessing = 0;
		};
/* End PBXResourcesBuildPhase section */

/* Begin PBXSourcesBuildPhase section */
		051E4E6F242A5C7300CCCD4C /* Sources */ = {
			isa = PBXSourcesBuildPhase;
			buildActionMask = 2147483647;
			files = (
				051E4EAB2436AB8000CCCD4C /* votingViewController.swift in Sources */,
				051E4EA72436AA8500CCCD4C /* ViewController.swift in Sources */,
				051E4E77242A5C7300CCCD4C /* AppDelegate.swift in Sources */,
				051E4EA92436AB5600CCCD4C /* TBViewController.swift in Sources */,
				051E4EAD2436AFC600CCCD4C /* voteViewController.swift in Sources */,
				051E4E79242A5C7300CCCD4C /* SceneDelegate.swift in Sources */,
			);
			runOnlyForDeploymentPostprocessing = 0;
		};
		051E4E85242A5C7700CCCD4C /* Sources */ = {
			isa = PBXSourcesBuildPhase;
			buildActionMask = 2147483647;
			files = (
				051E4E8E242A5C7700CCCD4C /* Homework_6Tests.swift in Sources */,
			);
			runOnlyForDeploymentPostprocessing = 0;
		};
		051E4E90242A5C7700CCCD4C /* Sources */ = {
			isa = PBXSourcesBuildPhase;
			buildActionMask = 2147483647;
			files = (
				051E4E99242A5C7700CCCD4C /* Homework_6UITests.swift in Sources */,
			);
			runOnlyForDeploymentPostprocessing = 0;
		};
/* End PBXSourcesBuildPhase section */

/* Begin PBXTargetDependency section */
		051E4E8B242A5C7700CCCD4C /* PBXTargetDependency */ = {
			isa = PBXTargetDependency;
			target = 051E4E72242A5C7300CCCD4C /* Homework 6 */;
			targetProxy = 051E4E8A242A5C7700CCCD4C /* PBXContainerItemProxy */;
		};
		051E4E96242A5C7700CCCD4C /* PBXTargetDependency */ = {
			isa = PBXTargetDependency;
			target = 051E4E72242A5C7300CCCD4C /* Homework 6 */;
			targetProxy = 051E4E95242A5C7700CCCD4C /* PBXContainerItemProxy */;
		};
/* End PBXTargetDependency section */

/* Begin PBXVariantGroup section */
		051E4E7C242A5C7300CCCD4C /* Main.storyboard */ = {
			isa = PBXVariantGroup;
			children = (
				051E4E7D242A5C7300CCCD4C /* Base */,
			);
			name = Main.storyboard;
			sourceTree = "<group>";
		};
		051E4E81242A5C7600CCCD4C /* LaunchScreen.storyboard */ = {
			isa = PBXVariantGroup;
			children = (
				051E4E82242A5C7600CCCD4C /* Base */,
			);
			name = LaunchScreen.storyboard;
			sourceTree = "<group>";
		};
/* End PBXVariantGroup section */

/* Begin XCBuildConfiguration section */
		051E4E9B242A5C7700CCCD4C /* Debug */ = {
			isa = XCBuildConfiguration;
			buildSettings = {
				ALWAYS_SEARCH_USER_PATHS = NO;
				CLANG_ANALYZER_NONNULL = YES;
				CLANG_ANALYZER_NUMBER_OBJECT_CONVERSION = YES_AGGRESSIVE;
				CLANG_CXX_LANGUAGE_STANDARD = "gnu++14";
				CLANG_CXX_LIBRARY = "libc++";
				CLANG_ENABLE_MODULES = YES;
				CLANG_ENABLE_OBJC_ARC = YES;
				CLANG_ENABLE_OBJC_WEAK = YES;
				CLANG_WARN_BLOCK_CAPTURE_AUTORELEASING = YES;
				CLANG_WARN_BOOL_CONVERSION = YES;
				CLANG_WARN_COMMA = YES;
				CLANG_WARN_CONSTANT_CONVERSION = YES;
				CLANG_WARN_DEPRECATED_OBJC_IMPLEMENTATIONS = YES;
				CLANG_WARN_DIRECT_OBJC_ISA_USAGE = YES_ERROR;
				CLANG_WARN_DOCUMENTATION_COMMENTS = YES;
				CLANG_WARN_EMPTY_BODY = YES;
				CLANG_WARN_ENUM_CONVERSION = YES;
				CLANG_WARN_INFINITE_RECURSION = YES;
				CLANG_WARN_INT_CONVERSION = YES;
				CLANG_WARN_NON_LITERAL_NULL_CONVERSION = YES;
				CLANG_WARN_OBJC_IMPLICIT_RETAIN_SELF = YES;
				CLANG_WARN_OBJC_LITERAL_CONVERSION = YES;
				CLANG_WARN_OBJC_ROOT_CLASS = YES_ERROR;
				CLANG_WARN_RANGE_LOOP_ANALYSIS = YES;
				CLANG_WARN_STRICT_PROTOTYPES = YES;
				CLANG_WARN_SUSPICIOUS_MOVE = YES;
				CLANG_WARN_UNGUARDED_AVAILABILITY = YES_AGGRESSIVE;
				CLANG_WARN_UNREACHABLE_CODE = YES;
				CLANG_WARN__DUPLICATE_METHOD_MATCH = YES;
				COPY_PHASE_STRIP = NO;
				DEBUG_INFORMATION_FORMAT = dwarf;
				ENABLE_STRICT_OBJC_MSGSEND = YES;
				ENABLE_TESTABILITY = YES;
				GCC_C_LANGUAGE_STANDARD = gnu11;
				GCC_DYNAMIC_NO_PIC = NO;
				GCC_NO_COMMON_BLOCKS = YES;
				GCC_OPTIMIZATION_LEVEL = 0;
				GCC_PREPROCESSOR_DEFINITIONS = (
					"DEBUG=1",
					"$(inherited)",
				);
				GCC_WARN_64_TO_32_BIT_CONVERSION = YES;
				GCC_WARN_ABOUT_RETURN_TYPE = YES_ERROR;
				GCC_WARN_UNDECLARED_SELECTOR = YES;
				GCC_WARN_UNINITIALIZED_AUTOS = YES_AGGRESSIVE;
				GCC_WARN_UNUSED_FUNCTION = YES;
				GCC_WARN_UNUSED_VARIABLE = YES;
				IPHONEOS_DEPLOYMENT_TARGET = 13.2;
				MTL_ENABLE_DEBUG_INFO = INCLUDE_SOURCE;
				MTL_FAST_MATH = YES;
				ONLY_ACTIVE_ARCH = YES;
				SDKROOT = iphoneos;
				SWIFT_ACTIVE_COMPILATION_CONDITIONS = DEBUG;
				SWIFT_OPTIMIZATION_LEVEL = "-Onone";
			};
			name = Debug;
		};
		051E4E9C242A5C7700CCCD4C /* Release */ = {
			isa = XCBuildConfiguration;
			buildSettings = {
				ALWAYS_SEARCH_USER_PATHS = NO;
				CLANG_ANALYZER_NONNULL = YES;
				CLANG_ANALYZER_NUMBER_OBJECT_CONVERSION = YES_AGGRESSIVE;
				CLANG_CXX_LANGUAGE_STANDARD = "gnu++14";
				CLANG_CXX_LIBRARY = "libc++";
				CLANG_ENABLE_MODULES = YES;
				CLANG_ENABLE_OBJC_ARC = YES;
				CLANG_ENABLE_OBJC_WEAK = YES;
				CLANG_WARN_BLOCK_CAPTURE_AUTORELEASING = YES;
				CLANG_WARN_BOOL_CONVERSION = YES;
				CLANG_WARN_COMMA = YES;
				CLANG_WARN_CONSTANT_CONVERSION = YES;
				CLANG_WARN_DEPRECATED_OBJC_IMPLEMENTATIONS = YES;
				CLANG_WARN_DIRECT_OBJC_ISA_USAGE = YES_ERROR;
				CLANG_WARN_DOCUMENTATION_COMMENTS = YES;
				CLANG_WARN_EMPTY_BODY = YES;
				CLANG_WARN_ENUM_CONVERSION = YES;
				CLANG_WARN_INFINITE_RECURSION = YES;
				CLANG_WARN_INT_CONVERSION = YES;
				CLANG_WARN_NON_LITERAL_NULL_CONVERSION = YES;
				CLANG_WARN_OBJC_IMPLICIT_RETAIN_SELF = YES;
				CLANG_WARN_OBJC_LITERAL_CONVERSION = YES;
				CLANG_WARN_OBJC_ROOT_CLASS = YES_ERROR;
				CLANG_WARN_RANGE_LOOP_ANALYSIS = YES;
				CLANG_WARN_STRICT_PROTOTYPES = YES;
				CLANG_WARN_SUSPICIOUS_MOVE = YES;
				CLANG_WARN_UNGUARDED_AVAILABILITY = YES_AGGRESSIVE;
				CLANG_WARN_UNREACHABLE_CODE = YES;
				CLANG_WARN__DUPLICATE_METHOD_MATCH = YES;
				COPY_PHASE_STRIP = NO;
				DEBUG_INFORMATION_FORMAT = "dwarf-with-dsym";
				ENABLE_NS_ASSERTIONS = NO;
				ENABLE_STRICT_OBJC_MSGSEND = YES;
				GCC_C_LANGUAGE_STANDARD = gnu11;
				GCC_NO_COMMON_BLOCKS = YES;
				GCC_WARN_64_TO_32_BIT_CONVERSION = YES;
				GCC_WARN_ABOUT_RETURN_TYPE = YES_ERROR;
				GCC_WARN_UNDECLARED_SELECTOR = YES;
				GCC_WARN_UNINITIALIZED_AUTOS = YES_AGGRESSIVE;
				GCC_WARN_UNUSED_FUNCTION = YES;
				GCC_WARN_UNUSED_VARIABLE = YES;
				IPHONEOS_DEPLOYMENT_TARGET = 13.2;
				MTL_ENABLE_DEBUG_INFO = NO;
				MTL_FAST_MATH = YES;
				SDKROOT = iphoneos;
				SWIFT_COMPILATION_MODE = wholemodule;
				SWIFT_OPTIMIZATION_LEVEL = "-O";
				VALIDATE_PRODUCT = YES;
			};
			name = Release;
		};
		051E4E9E242A5C7700CCCD4C /* Debug */ = {
			isa = XCBuildConfiguration;
			buildSettings = {
				ASSETCATALOG_COMPILER_APPICON_NAME = AppIcon;
				CODE_SIGN_STYLE = Automatic;
				INFOPLIST_FILE = "Homework 6/Info.plist";
				LD_RUNPATH_SEARCH_PATHS = (
					"$(inherited)",
					"@executable_path/Frameworks",
				);
				PRODUCT_BUNDLE_IDENTIFIER = "com.Homework-6";
				PRODUCT_NAME = "$(TARGET_NAME)";
				SWIFT_VERSION = 5.0;
				TARGETED_DEVICE_FAMILY = "1,2";
			};
			name = Debug;
		};
		051E4E9F242A5C7700CCCD4C /* Release */ = {
			isa = XCBuildConfiguration;
			buildSettings = {
				ASSETCATALOG_COMPILER_APPICON_NAME = AppIcon;
				CODE_SIGN_STYLE = Automatic;
				INFOPLIST_FILE = "Homework 6/Info.plist";
				LD_RUNPATH_SEARCH_PATHS = (
					"$(inherited)",
					"@executable_path/Frameworks",
				);
				PRODUCT_BUNDLE_IDENTIFIER = "com.Homework-6";
				PRODUCT_NAME = "$(TARGET_NAME)";
				SWIFT_VERSION = 5.0;
				TARGETED_DEVICE_FAMILY = "1,2";
			};
			name = Release;
		};
		051E4EA1242A5C7700CCCD4C /* Debug */ = {
			isa = XCBuildConfiguration;
			buildSettings = {
				ALWAYS_EMBED_SWIFT_STANDARD_LIBRARIES = YES;
				BUNDLE_LOADER = "$(TEST_HOST)";
				CODE_SIGN_STYLE = Automatic;
				INFOPLIST_FILE = "Homework 6Tests/Info.plist";
				IPHONEOS_DEPLOYMENT_TARGET = 13.2;
				LD_RUNPATH_SEARCH_PATHS = (
					"$(inherited)",
					"@executable_path/Frameworks",
					"@loader_path/Frameworks",
				);
				PRODUCT_BUNDLE_IDENTIFIER = "com.Homework-6Tests";
				PRODUCT_NAME = "$(TARGET_NAME)";
				SWIFT_VERSION = 5.0;
				TARGETED_DEVICE_FAMILY = "1,2";
				TEST_HOST = "$(BUILT_PRODUCTS_DIR)/Homework 6.app/Homework 6";
			};
			name = Debug;
		};
		051E4EA2242A5C7700CCCD4C /* Release */ = {
			isa = XCBuildConfiguration;
			buildSettings = {
				ALWAYS_EMBED_SWIFT_STANDARD_LIBRARIES = YES;
				BUNDLE_LOADER = "$(TEST_HOST)";
				CODE_SIGN_STYLE = Automatic;
				INFOPLIST_FILE = "Homework 6Tests/Info.plist";
				IPHONEOS_DEPLOYMENT_TARGET = 13.2;
				LD_RUNPATH_SEARCH_PATHS = (
					"$(inherited)",
					"@executable_path/Frameworks",
					"@loader_path/Frameworks",
				);
				PRODUCT_BUNDLE_IDENTIFIER = "com.Homework-6Tests";
				PRODUCT_NAME = "$(TARGET_NAME)";
				SWIFT_VERSION = 5.0;
				TARGETED_DEVICE_FAMILY = "1,2";
				TEST_HOST = "$(BUILT_PRODUCTS_DIR)/Homework 6.app/Homework 6";
			};
			name = Release;
		};
		051E4EA4242A5C7700CCCD4C /* Debug */ = {
			isa = XCBuildConfiguration;
			buildSettings = {
				ALWAYS_EMBED_SWIFT_STANDARD_LIBRARIES = YES;
				CODE_SIGN_STYLE = Automatic;
				INFOPLIST_FILE = "Homework 6UITests/Info.plist";
				LD_RUNPATH_SEARCH_PATHS = (
					"$(inherited)",
					"@executable_path/Frameworks",
					"@loader_path/Frameworks",
				);
				PRODUCT_BUNDLE_IDENTIFIER = "com.Homework-6UITests";
				PRODUCT_NAME = "$(TARGET_NAME)";
				SWIFT_VERSION = 5.0;
				TARGETED_DEVICE_FAMILY = "1,2";
				TEST_TARGET_NAME = "Homework 6";
			};
			name = Debug;
		};
		051E4EA5242A5C7700CCCD4C /* Release */ = {
			isa = XCBuildConfiguration;
			buildSettings = {
				ALWAYS_EMBED_SWIFT_STANDARD_LIBRARIES = YES;
				CODE_SIGN_STYLE = Automatic;
				INFOPLIST_FILE = "Homework 6UITests/Info.plist";
				LD_RUNPATH_SEARCH_PATHS = (
					"$(inherited)",
					"@executable_path/Frameworks",
					"@loader_path/Frameworks",
				);
				PRODUCT_BUNDLE_IDENTIFIER = "com.Homework-6UITests";
				PRODUCT_NAME = "$(TARGET_NAME)";
				SWIFT_VERSION = 5.0;
				TARGETED_DEVICE_FAMILY = "1,2";
				TEST_TARGET_NAME = "Homework 6";
			};
			name = Release;
		};
/* End XCBuildConfiguration section */

/* Begin XCConfigurationList section */
		051E4E6E242A5C7300CCCD4C /* Build configuration list for PBXProject "Homework 6" */ = {
			isa = XCConfigurationList;
			buildConfigurations = (
				051E4E9B242A5C7700CCCD4C /* Debug */,
				051E4E9C242A5C7700CCCD4C /* Release */,
			);
			defaultConfigurationIsVisible = 0;
			defaultConfigurationName = Release;
		};
		051E4E9D242A5C7700CCCD4C /* Build configuration list for PBXNativeTarget "Homework 6" */ = {
			isa = XCConfigurationList;
			buildConfigurations = (
				051E4E9E242A5C7700CCCD4C /* Debug */,
				051E4E9F242A5C7700CCCD4C /* Release */,
			);
			defaultConfigurationIsVisible = 0;
			defaultConfigurationName = Release;
		};
		051E4EA0242A5C7700CCCD4C /* Build configuration list for PBXNativeTarget "Homework 6Tests" */ = {
			isa = XCConfigurationList;
			buildConfigurations = (
				051E4EA1242A5C7700CCCD4C /* Debug */,
				051E4EA2242A5C7700CCCD4C /* Release */,
			);
			defaultConfigurationIsVisible = 0;
			defaultConfigurationName = Release;
		};
		051E4EA3242A5C7700CCCD4C /* Build configuration list for PBXNativeTarget "Homework 6UITests" */ = {
			isa = XCConfigurationList;
			buildConfigurations = (
				051E4EA4242A5C7700CCCD4C /* Debug */,
				051E4EA5242A5C7700CCCD4C /* Release */,
			);
			defaultConfigurationIsVisible = 0;
			defaultConfigurationName = Release;
		};
/* End XCConfigurationList section */
	};
	rootObject = 051E4E6B242A5C7300CCCD4C /* Project object */;
}
