// !$*UTF8*$!
{
	archiveVersion = 1;
	classes = {
	};
	objectVersion = 50;
	objects = {

/* Begin PBXBuildFile section */
		051FDBA4245BCD94008EA259 /* AppDelegate.swift in Sources */ = {isa = PBXBuildFile; fileRef = 051FDBA3245BCD94008EA259 /* AppDelegate.swift */; };
		051FDBA6245BCD94008EA259 /* SceneDelegate.swift in Sources */ = {isa = PBXBuildFile; fileRef = 051FDBA5245BCD94008EA259 /* SceneDelegate.swift */; };
		051FDBA8245BCD94008EA259 /* ViewController.swift in Sources */ = {isa = PBXBuildFile; fileRef = 051FDBA7245BCD94008EA259 /* ViewController.swift */; };
		051FDBAB245BCD94008EA259 /* Main.storyboard in Resources */ = {isa = PBXBuildFile; fileRef = 051FDBA9245BCD94008EA259 /* Main.storyboard */; };
		051FDBAD245BCD95008EA259 /* Assets.xcassets in Resources */ = {isa = PBXBuildFile; fileRef = 051FDBAC245BCD95008EA259 /* Assets.xcassets */; };
		051FDBB0245BCD95008EA259 /* LaunchScreen.storyboard in Resources */ = {isa = PBXBuildFile; fileRef = 051FDBAE245BCD95008EA259 /* LaunchScreen.storyboard */; };
		051FDBBB245BCD95008EA259 /* Pompei_HW_9Tests.swift in Sources */ = {isa = PBXBuildFile; fileRef = 051FDBBA245BCD95008EA259 /* Pompei_HW_9Tests.swift */; };
		051FDBC6245BCD95008EA259 /* Pompei_HW_9UITests.swift in Sources */ = {isa = PBXBuildFile; fileRef = 051FDBC5245BCD95008EA259 /* Pompei_HW_9UITests.swift */; };
/* End PBXBuildFile section */

/* Begin PBXContainerItemProxy section */
		051FDBB7245BCD95008EA259 /* PBXContainerItemProxy */ = {
			isa = PBXContainerItemProxy;
			containerPortal = 051FDB98245BCD94008EA259 /* Project object */;
			proxyType = 1;
			remoteGlobalIDString = 051FDB9F245BCD94008EA259;
			remoteInfo = "Pompei HW 9";
		};
		051FDBC2245BCD95008EA259 /* PBXContainerItemProxy */ = {
			isa = PBXContainerItemProxy;
			containerPortal = 051FDB98245BCD94008EA259 /* Project object */;
			proxyType = 1;
			remoteGlobalIDString = 051FDB9F245BCD94008EA259;
			remoteInfo = "Pompei HW 9";
		};
/* End PBXContainerItemProxy section */

/* Begin PBXFileReference section */
		051FDBA0245BCD94008EA259 /* Pompei HW 9.app */ = {isa = PBXFileReference; explicitFileType = wrapper.application; includeInIndex = 0; path = "Pompei HW 9.app"; sourceTree = BUILT_PRODUCTS_DIR; };
		051FDBA3245BCD94008EA259 /* AppDelegate.swift */ = {isa = PBXFileReference; lastKnownFileType = sourcecode.swift; path = AppDelegate.swift; sourceTree = "<group>"; };
		051FDBA5245BCD94008EA259 /* SceneDelegate.swift */ = {isa = PBXFileReference; lastKnownFileType = sourcecode.swift; path = SceneDelegate.swift; sourceTree = "<group>"; };
		051FDBA7245BCD94008EA259 /* ViewController.swift */ = {isa = PBXFileReference; lastKnownFileType = sourcecode.swift; path = ViewController.swift; sourceTree = "<group>"; };
		051FDBAA245BCD94008EA259 /* Base */ = {isa = PBXFileReference; lastKnownFileType = file.storyboard; name = Base; path = Base.lproj/Main.storyboard; sourceTree = "<group>"; };
		051FDBAC245BCD95008EA259 /* Assets.xcassets */ = {isa = PBXFileReference; lastKnownFileType = folder.assetcatalog; path = Assets.xcassets; sourceTree = "<group>"; };
		051FDBAF245BCD95008EA259 /* Base */ = {isa = PBXFileReference; lastKnownFileType = file.storyboard; name = Base; path = Base.lproj/LaunchScreen.storyboard; sourceTree = "<group>"; };
		051FDBB1245BCD95008EA259 /* Info.plist */ = {isa = PBXFileReference; lastKnownFileType = text.plist.xml; path = Info.plist; sourceTree = "<group>"; };
		051FDBB6245BCD95008EA259 /* Pompei HW 9Tests.xctest */ = {isa = PBXFileReference; explicitFileType = wrapper.cfbundle; includeInIndex = 0; path = "Pompei HW 9Tests.xctest"; sourceTree = BUILT_PRODUCTS_DIR; };
		051FDBBA245BCD95008EA259 /* Pompei_HW_9Tests.swift */ = {isa = PBXFileReference; lastKnownFileType = sourcecode.swift; path = Pompei_HW_9Tests.swift; sourceTree = "<group>"; };
		051FDBBC245BCD95008EA259 /* Info.plist */ = {isa = PBXFileReference; lastKnownFileType = text.plist.xml; path = Info.plist; sourceTree = "<group>"; };
		051FDBC1245BCD95008EA259 /* Pompei HW 9UITests.xctest */ = {isa = PBXFileReference; explicitFileType = wrapper.cfbundle; includeInIndex = 0; path = "Pompei HW 9UITests.xctest"; sourceTree = BUILT_PRODUCTS_DIR; };
		051FDBC5245BCD95008EA259 /* Pompei_HW_9UITests.swift */ = {isa = PBXFileReference; lastKnownFileType = sourcecode.swift; path = Pompei_HW_9UITests.swift; sourceTree = "<group>"; };
		051FDBC7245BCD95008EA259 /* Info.plist */ = {isa = PBXFileReference; lastKnownFileType = text.plist.xml; path = Info.plist; sourceTree = "<group>"; };
/* End PBXFileReference section */

/* Begin PBXFrameworksBuildPhase section */
		051FDB9D245BCD94008EA259 /* Frameworks */ = {
			isa = PBXFrameworksBuildPhase;
			buildActionMask = 2147483647;
			files = (
			);
			runOnlyForDeploymentPostprocessing = 0;
		};
		051FDBB3245BCD95008EA259 /* Frameworks */ = {
			isa = PBXFrameworksBuildPhase;
			buildActionMask = 2147483647;
			files = (
			);
			runOnlyForDeploymentPostprocessing = 0;
		};
		051FDBBE245BCD95008EA259 /* Frameworks */ = {
			isa = PBXFrameworksBuildPhase;
			buildActionMask = 2147483647;
			files = (
			);
			runOnlyForDeploymentPostprocessing = 0;
		};
/* End PBXFrameworksBuildPhase section */

/* Begin PBXGroup section */
		051FDB97245BCD94008EA259 = {
			isa = PBXGroup;
			children = (
				051FDBA2245BCD94008EA259 /* Pompei HW 9 */,
				051FDBB9245BCD95008EA259 /* Pompei HW 9Tests */,
				051FDBC4245BCD95008EA259 /* Pompei HW 9UITests */,
				051FDBA1245BCD94008EA259 /* Products */,
			);
			sourceTree = "<group>";
		};
		051FDBA1245BCD94008EA259 /* Products */ = {
			isa = PBXGroup;
			children = (
				051FDBA0245BCD94008EA259 /* Pompei HW 9.app */,
				051FDBB6245BCD95008EA259 /* Pompei HW 9Tests.xctest */,
				051FDBC1245BCD95008EA259 /* Pompei HW 9UITests.xctest */,
			);
			name = Products;
			sourceTree = "<group>";
		};
		051FDBA2245BCD94008EA259 /* Pompei HW 9 */ = {
			isa = PBXGroup;
			children = (
				051FDBA3245BCD94008EA259 /* AppDelegate.swift */,
				051FDBA5245BCD94008EA259 /* SceneDelegate.swift */,
				051FDBA7245BCD94008EA259 /* ViewController.swift */,
				051FDBA9245BCD94008EA259 /* Main.storyboard */,
				051FDBAC245BCD95008EA259 /* Assets.xcassets */,
				051FDBAE245BCD95008EA259 /* LaunchScreen.storyboard */,
				051FDBB1245BCD95008EA259 /* Info.plist */,
			);
			path = "Pompei HW 9";
			sourceTree = "<group>";
		};
		051FDBB9245BCD95008EA259 /* Pompei HW 9Tests */ = {
			isa = PBXGroup;
			children = (
				051FDBBA245BCD95008EA259 /* Pompei_HW_9Tests.swift */,
				051FDBBC245BCD95008EA259 /* Info.plist */,
			);
			path = "Pompei HW 9Tests";
			sourceTree = "<group>";
		};
		051FDBC4245BCD95008EA259 /* Pompei HW 9UITests */ = {
			isa = PBXGroup;
			children = (
				051FDBC5245BCD95008EA259 /* Pompei_HW_9UITests.swift */,
				051FDBC7245BCD95008EA259 /* Info.plist */,
			);
			path = "Pompei HW 9UITests";
			sourceTree = "<group>";
		};
/* End PBXGroup section */

/* Begin PBXNativeTarget section */
		051FDB9F245BCD94008EA259 /* Pompei HW 9 */ = {
			isa = PBXNativeTarget;
			buildConfigurationList = 051FDBCA245BCD95008EA259 /* Build configuration list for PBXNativeTarget "Pompei HW 9" */;
			buildPhases = (
				051FDB9C245BCD94008EA259 /* Sources */,
				051FDB9D245BCD94008EA259 /* Frameworks */,
				051FDB9E245BCD94008EA259 /* Resources */,
			);
			buildRules = (
			);
			dependencies = (
			);
			name = "Pompei HW 9";
			productName = "Pompei HW 9";
			productReference = 051FDBA0245BCD94008EA259 /* Pompei HW 9.app */;
			productType = "com.apple.product-type.application";
		};
		051FDBB5245BCD95008EA259 /* Pompei HW 9Tests */ = {
			isa = PBXNativeTarget;
			buildConfigurationList = 051FDBCD245BCD95008EA259 /* Build configuration list for PBXNativeTarget "Pompei HW 9Tests" */;
			buildPhases = (
				051FDBB2245BCD95008EA259 /* Sources */,
				051FDBB3245BCD95008EA259 /* Frameworks */,
				051FDBB4245BCD95008EA259 /* Resources */,
			);
			buildRules = (
			);
			dependencies = (
				051FDBB8245BCD95008EA259 /* PBXTargetDependency */,
			);
			name = "Pompei HW 9Tests";
			productName = "Pompei HW 9Tests";
			productReference = 051FDBB6245BCD95008EA259 /* Pompei HW 9Tests.xctest */;
			productType = "com.apple.product-type.bundle.unit-test";
		};
		051FDBC0245BCD95008EA259 /* Pompei HW 9UITests */ = {
			isa = PBXNativeTarget;
			buildConfigurationList = 051FDBD0245BCD95008EA259 /* Build configuration list for PBXNativeTarget "Pompei HW 9UITests" */;
			buildPhases = (
				051FDBBD245BCD95008EA259 /* Sources */,
				051FDBBE245BCD95008EA259 /* Frameworks */,
				051FDBBF245BCD95008EA259 /* Resources */,
			);
			buildRules = (
			);
			dependencies = (
				051FDBC3245BCD95008EA259 /* PBXTargetDependency */,
			);
			name = "Pompei HW 9UITests";
			productName = "Pompei HW 9UITests";
			productReference = 051FDBC1245BCD95008EA259 /* Pompei HW 9UITests.xctest */;
			productType = "com.apple.product-type.bundle.ui-testing";
		};
/* End PBXNativeTarget section */

/* Begin PBXProject section */
		051FDB98245BCD94008EA259 /* Project object */ = {
			isa = PBXProject;
			attributes = {
				LastSwiftUpdateCheck = 1130;
				LastUpgradeCheck = 1130;
				ORGANIZATIONNAME = "Michael David Pompei";
				TargetAttributes = {
					051FDB9F245BCD94008EA259 = {
						CreatedOnToolsVersion = 11.3.1;
					};
					051FDBB5245BCD95008EA259 = {
						CreatedOnToolsVersion = 11.3.1;
						TestTargetID = 051FDB9F245BCD94008EA259;
					};
					051FDBC0245BCD95008EA259 = {
						CreatedOnToolsVersion = 11.3.1;
						TestTargetID = 051FDB9F245BCD94008EA259;
					};
				};
			};
			buildConfigurationList = 051FDB9B245BCD94008EA259 /* Build configuration list for PBXProject "Pompei HW 9" */;
			compatibilityVersion = "Xcode 9.3";
			developmentRegion = en;
			hasScannedForEncodings = 0;
			knownRegions = (
				en,
				Base,
			);
			mainGroup = 051FDB97245BCD94008EA259;
			productRefGroup = 051FDBA1245BCD94008EA259 /* Products */;
			projectDirPath = "";
			projectRoot = "";
			targets = (
				051FDB9F245BCD94008EA259 /* Pompei HW 9 */,
				051FDBB5245BCD95008EA259 /* Pompei HW 9Tests */,
				051FDBC0245BCD95008EA259 /* Pompei HW 9UITests */,
			);
		};
/* End PBXProject section */

/* Begin PBXResourcesBuildPhase section */
		051FDB9E245BCD94008EA259 /* Resources */ = {
			isa = PBXResourcesBuildPhase;
			buildActionMask = 2147483647;
			files = (
				051FDBB0245BCD95008EA259 /* LaunchScreen.storyboard in Resources */,
				051FDBAD245BCD95008EA259 /* Assets.xcassets in Resources */,
				051FDBAB245BCD94008EA259 /* Main.storyboard in Resources */,
			);
			runOnlyForDeploymentPostprocessing = 0;
		};
		051FDBB4245BCD95008EA259 /* Resources */ = {
			isa = PBXResourcesBuildPhase;
			buildActionMask = 2147483647;
			files = (
			);
			runOnlyForDeploymentPostprocessing = 0;
		};
		051FDBBF245BCD95008EA259 /* Resources */ = {
			isa = PBXResourcesBuildPhase;
			buildActionMask = 2147483647;
			files = (
			);
			runOnlyForDeploymentPostprocessing = 0;
		};
/* End PBXResourcesBuildPhase section */

/* Begin PBXSourcesBuildPhase section */
		051FDB9C245BCD94008EA259 /* Sources */ = {
			isa = PBXSourcesBuildPhase;
			buildActionMask = 2147483647;
			files = (
				051FDBA8245BCD94008EA259 /* ViewController.swift in Sources */,
				051FDBA4245BCD94008EA259 /* AppDelegate.swift in Sources */,
				051FDBA6245BCD94008EA259 /* SceneDelegate.swift in Sources */,
			);
			runOnlyForDeploymentPostprocessing = 0;
		};
		051FDBB2245BCD95008EA259 /* Sources */ = {
			isa = PBXSourcesBuildPhase;
			buildActionMask = 2147483647;
			files = (
				051FDBBB245BCD95008EA259 /* Pompei_HW_9Tests.swift in Sources */,
			);
			runOnlyForDeploymentPostprocessing = 0;
		};
		051FDBBD245BCD95008EA259 /* Sources */ = {
			isa = PBXSourcesBuildPhase;
			buildActionMask = 2147483647;
			files = (
				051FDBC6245BCD95008EA259 /* Pompei_HW_9UITests.swift in Sources */,
			);
			runOnlyForDeploymentPostprocessing = 0;
		};
/* End PBXSourcesBuildPhase section */

/* Begin PBXTargetDependency section */
		051FDBB8245BCD95008EA259 /* PBXTargetDependency */ = {
			isa = PBXTargetDependency;
			target = 051FDB9F245BCD94008EA259 /* Pompei HW 9 */;
			targetProxy = 051FDBB7245BCD95008EA259 /* PBXContainerItemProxy */;
		};
		051FDBC3245BCD95008EA259 /* PBXTargetDependency */ = {
			isa = PBXTargetDependency;
			target = 051FDB9F245BCD94008EA259 /* Pompei HW 9 */;
			targetProxy = 051FDBC2245BCD95008EA259 /* PBXContainerItemProxy */;
		};
/* End PBXTargetDependency section */

/* Begin PBXVariantGroup section */
		051FDBA9245BCD94008EA259 /* Main.storyboard */ = {
			isa = PBXVariantGroup;
			children = (
				051FDBAA245BCD94008EA259 /* Base */,
			);
			name = Main.storyboard;
			sourceTree = "<group>";
		};
		051FDBAE245BCD95008EA259 /* LaunchScreen.storyboard */ = {
			isa = PBXVariantGroup;
			children = (
				051FDBAF245BCD95008EA259 /* Base */,
			);
			name = LaunchScreen.storyboard;
			sourceTree = "<group>";
		};
/* End PBXVariantGroup section */

/* Begin XCBuildConfiguration section */
		051FDBC8245BCD95008EA259 /* Debug */ = {
			isa = XCBuildConfiguration;
			buildSettings = {
				ALWAYS_SEARCH_USER_PATHS = NO;
				CLANG_ANALYZER_NONNULL = YES;
				CLANG_ANALYZER_NUMBER_OBJECT_CONVERSION = YES_AGGRESSIVE;
				CLANG_CXX_LANGUAGE_STANDARD = "gnu++14";
				CLANG_CXX_LIBRARY = "libc++";
				CLANG_ENABLE_MODULES = YES;
				CLANG_ENABLE_OBJC_ARC = YES;
				CLANG_ENABLE_OBJC_WEAK = YES;
				CLANG_WARN_BLOCK_CAPTURE_AUTORELEASING = YES;
				CLANG_WARN_BOOL_CONVERSION = YES;
				CLANG_WARN_COMMA = YES;
				CLANG_WARN_CONSTANT_CONVERSION = YES;
				CLANG_WARN_DEPRECATED_OBJC_IMPLEMENTATIONS = YES;
				CLANG_WARN_DIRECT_OBJC_ISA_USAGE = YES_ERROR;
				CLANG_WARN_DOCUMENTATION_COMMENTS = YES;
				CLANG_WARN_EMPTY_BODY = YES;
				CLANG_WARN_ENUM_CONVERSION = YES;
				CLANG_WARN_INFINITE_RECURSION = YES;
				CLANG_WARN_INT_CONVERSION = YES;
				CLANG_WARN_NON_LITERAL_NULL_CONVERSION = YES;
				CLANG_WARN_OBJC_IMPLICIT_RETAIN_SELF = YES;
				CLANG_WARN_OBJC_LITERAL_CONVERSION = YES;
				CLANG_WARN_OBJC_ROOT_CLASS = YES_ERROR;
				CLANG_WARN_RANGE_LOOP_ANALYSIS = YES;
				CLANG_WARN_STRICT_PROTOTYPES = YES;
				CLANG_WARN_SUSPICIOUS_MOVE = YES;
				CLANG_WARN_UNGUARDED_AVAILABILITY = YES_AGGRESSIVE;
				CLANG_WARN_UNREACHABLE_CODE = YES;
				CLANG_WARN__DUPLICATE_METHOD_MATCH = YES;
				COPY_PHASE_STRIP = NO;
				DEBUG_INFORMATION_FORMAT = dwarf;
				ENABLE_STRICT_OBJC_MSGSEND = YES;
				ENABLE_TESTABILITY = YES;
				GCC_C_LANGUAGE_STANDARD = gnu11;
				GCC_DYNAMIC_NO_PIC = NO;
				GCC_NO_COMMON_BLOCKS = YES;
				GCC_OPTIMIZATION_LEVEL = 0;
				GCC_PREPROCESSOR_DEFINITIONS = (
					"DEBUG=1",
					"$(inherited)",
				);
				GCC_WARN_64_TO_32_BIT_CONVERSION = YES;
				GCC_WARN_ABOUT_RETURN_TYPE = YES_ERROR;
				GCC_WARN_UNDECLARED_SELECTOR = YES;
				GCC_WARN_UNINITIALIZED_AUTOS = YES_AGGRESSIVE;
				GCC_WARN_UNUSED_FUNCTION = YES;
				GCC_WARN_UNUSED_VARIABLE = YES;
				IPHONEOS_DEPLOYMENT_TARGET = 13.2;
				MTL_ENABLE_DEBUG_INFO = INCLUDE_SOURCE;
				MTL_FAST_MATH = YES;
				ONLY_ACTIVE_ARCH = YES;
				SDKROOT = iphoneos;
				SWIFT_ACTIVE_COMPILATION_CONDITIONS = DEBUG;
				SWIFT_OPTIMIZATION_LEVEL = "-Onone";
			};
			name = Debug;
		};
		051FDBC9245BCD95008EA259 /* Release */ = {
			isa = XCBuildConfiguration;
			buildSettings = {
				ALWAYS_SEARCH_USER_PATHS = NO;
				CLANG_ANALYZER_NONNULL = YES;
				CLANG_ANALYZER_NUMBER_OBJECT_CONVERSION = YES_AGGRESSIVE;
				CLANG_CXX_LANGUAGE_STANDARD = "gnu++14";
				CLANG_CXX_LIBRARY = "libc++";
				CLANG_ENABLE_MODULES = YES;
				CLANG_ENABLE_OBJC_ARC = YES;
				CLANG_ENABLE_OBJC_WEAK = YES;
				CLANG_WARN_BLOCK_CAPTURE_AUTORELEASING = YES;
				CLANG_WARN_BOOL_CONVERSION = YES;
				CLANG_WARN_COMMA = YES;
				CLANG_WARN_CONSTANT_CONVERSION = YES;
				CLANG_WARN_DEPRECATED_OBJC_IMPLEMENTATIONS = YES;
				CLANG_WARN_DIRECT_OBJC_ISA_USAGE = YES_ERROR;
				CLANG_WARN_DOCUMENTATION_COMMENTS = YES;
				CLANG_WARN_EMPTY_BODY = YES;
				CLANG_WARN_ENUM_CONVERSION = YES;
				CLANG_WARN_INFINITE_RECURSION = YES;
				CLANG_WARN_INT_CONVERSION = YES;
				CLANG_WARN_NON_LITERAL_NULL_CONVERSION = YES;
				CLANG_WARN_OBJC_IMPLICIT_RETAIN_SELF = YES;
				CLANG_WARN_OBJC_LITERAL_CONVERSION = YES;
				CLANG_WARN_OBJC_ROOT_CLASS = YES_ERROR;
				CLANG_WARN_RANGE_LOOP_ANALYSIS = YES;
				CLANG_WARN_STRICT_PROTOTYPES = YES;
				CLANG_WARN_SUSPICIOUS_MOVE = YES;
				CLANG_WARN_UNGUARDED_AVAILABILITY = YES_AGGRESSIVE;
				CLANG_WARN_UNREACHABLE_CODE = YES;
				CLANG_WARN__DUPLICATE_METHOD_MATCH = YES;
				COPY_PHASE_STRIP = NO;
				DEBUG_INFORMATION_FORMAT = "dwarf-with-dsym";
				ENABLE_NS_ASSERTIONS = NO;
				ENABLE_STRICT_OBJC_MSGSEND = YES;
				GCC_C_LANGUAGE_STANDARD = gnu11;
				GCC_NO_COMMON_BLOCKS = YES;
				GCC_WARN_64_TO_32_BIT_CONVERSION = YES;
				GCC_WARN_ABOUT_RETURN_TYPE = YES_ERROR;
				GCC_WARN_UNDECLARED_SELECTOR = YES;
				GCC_WARN_UNINITIALIZED_AUTOS = YES_AGGRESSIVE;
				GCC_WARN_UNUSED_FUNCTION = YES;
				GCC_WARN_UNUSED_VARIABLE = YES;
				IPHONEOS_DEPLOYMENT_TARGET = 13.2;
				MTL_ENABLE_DEBUG_INFO = NO;
				MTL_FAST_MATH = YES;
				SDKROOT = iphoneos;
				SWIFT_COMPILATION_MODE = wholemodule;
				SWIFT_OPTIMIZATION_LEVEL = "-O";
				VALIDATE_PRODUCT = YES;
			};
			name = Release;
		};
		051FDBCB245BCD95008EA259 /* Debug */ = {
			isa = XCBuildConfiguration;
			buildSettings = {
				ASSETCATALOG_COMPILER_APPICON_NAME = AppIcon;
				CODE_SIGN_STYLE = Automatic;
				INFOPLIST_FILE = "Pompei HW 9/Info.plist";
				LD_RUNPATH_SEARCH_PATHS = (
					"$(inherited)",
					"@executable_path/Frameworks",
				);
				PRODUCT_BUNDLE_IDENTIFIER = "com.Pompei-HW-9";
				PRODUCT_NAME = "$(TARGET_NAME)";
				SWIFT_VERSION = 5.0;
				TARGETED_DEVICE_FAMILY = "1,2";
			};
			name = Debug;
		};
		051FDBCC245BCD95008EA259 /* Release */ = {
			isa = XCBuildConfiguration;
			buildSettings = {
				ASSETCATALOG_COMPILER_APPICON_NAME = AppIcon;
				CODE_SIGN_STYLE = Automatic;
				INFOPLIST_FILE = "Pompei HW 9/Info.plist";
				LD_RUNPATH_SEARCH_PATHS = (
					"$(inherited)",
					"@executable_path/Frameworks",
				);
				PRODUCT_BUNDLE_IDENTIFIER = "com.Pompei-HW-9";
				PRODUCT_NAME = "$(TARGET_NAME)";
				SWIFT_VERSION = 5.0;
				TARGETED_DEVICE_FAMILY = "1,2";
			};
			name = Release;
		};
		051FDBCE245BCD95008EA259 /* Debug */ = {
			isa = XCBuildConfiguration;
			buildSettings = {
				ALWAYS_EMBED_SWIFT_STANDARD_LIBRARIES = YES;
				BUNDLE_LOADER = "$(TEST_HOST)";
				CODE_SIGN_STYLE = Automatic;
				INFOPLIST_FILE = "Pompei HW 9Tests/Info.plist";
				IPHONEOS_DEPLOYMENT_TARGET = 13.2;
				LD_RUNPATH_SEARCH_PATHS = (
					"$(inherited)",
					"@executable_path/Frameworks",
					"@loader_path/Frameworks",
				);
				PRODUCT_BUNDLE_IDENTIFIER = "com.Pompei-HW-9Tests";
				PRODUCT_NAME = "$(TARGET_NAME)";
				SWIFT_VERSION = 5.0;
				TARGETED_DEVICE_FAMILY = "1,2";
				TEST_HOST = "$(BUILT_PRODUCTS_DIR)/Pompei HW 9.app/Pompei HW 9";
			};
			name = Debug;
		};
		051FDBCF245BCD95008EA259 /* Release */ = {
			isa = XCBuildConfiguration;
			buildSettings = {
				ALWAYS_EMBED_SWIFT_STANDARD_LIBRARIES = YES;
				BUNDLE_LOADER = "$(TEST_HOST)";
				CODE_SIGN_STYLE = Automatic;
				INFOPLIST_FILE = "Pompei HW 9Tests/Info.plist";
				IPHONEOS_DEPLOYMENT_TARGET = 13.2;
				LD_RUNPATH_SEARCH_PATHS = (
					"$(inherited)",
					"@executable_path/Frameworks",
					"@loader_path/Frameworks",
				);
				PRODUCT_BUNDLE_IDENTIFIER = "com.Pompei-HW-9Tests";
				PRODUCT_NAME = "$(TARGET_NAME)";
				SWIFT_VERSION = 5.0;
				TARGETED_DEVICE_FAMILY = "1,2";
				TEST_HOST = "$(BUILT_PRODUCTS_DIR)/Pompei HW 9.app/Pompei HW 9";
			};
			name = Release;
		};
		051FDBD1245BCD95008EA259 /* Debug */ = {
			isa = XCBuildConfiguration;
			buildSettings = {
				ALWAYS_EMBED_SWIFT_STANDARD_LIBRARIES = YES;
				CODE_SIGN_STYLE = Automatic;
				INFOPLIST_FILE = "Pompei HW 9UITests/Info.plist";
				LD_RUNPATH_SEARCH_PATHS = (
					"$(inherited)",
					"@executable_path/Frameworks",
					"@loader_path/Frameworks",
				);
				PRODUCT_BUNDLE_IDENTIFIER = "com.Pompei-HW-9UITests";
				PRODUCT_NAME = "$(TARGET_NAME)";
				SWIFT_VERSION = 5.0;
				TARGETED_DEVICE_FAMILY = "1,2";
				TEST_TARGET_NAME = "Pompei HW 9";
			};
			name = Debug;
		};
		051FDBD2245BCD95008EA259 /* Release */ = {
			isa = XCBuildConfiguration;
			buildSettings = {
				ALWAYS_EMBED_SWIFT_STANDARD_LIBRARIES = YES;
				CODE_SIGN_STYLE = Automatic;
				INFOPLIST_FILE = "Pompei HW 9UITests/Info.plist";
				LD_RUNPATH_SEARCH_PATHS = (
					"$(inherited)",
					"@executable_path/Frameworks",
					"@loader_path/Frameworks",
				);
				PRODUCT_BUNDLE_IDENTIFIER = "com.Pompei-HW-9UITests";
				PRODUCT_NAME = "$(TARGET_NAME)";
				SWIFT_VERSION = 5.0;
				TARGETED_DEVICE_FAMILY = "1,2";
				TEST_TARGET_NAME = "Pompei HW 9";
			};
			name = Release;
		};
/* End XCBuildConfiguration section */

/* Begin XCConfigurationList section */
		051FDB9B245BCD94008EA259 /* Build configuration list for PBXProject "Pompei HW 9" */ = {
			isa = XCConfigurationList;
			buildConfigurations = (
				051FDBC8245BCD95008EA259 /* Debug */,
				051FDBC9245BCD95008EA259 /* Release */,
			);
			defaultConfigurationIsVisible = 0;
			defaultConfigurationName = Release;
		};
		051FDBCA245BCD95008EA259 /* Build configuration list for PBXNativeTarget "Pompei HW 9" */ = {
			isa = XCConfigurationList;
			buildConfigurations = (
				051FDBCB245BCD95008EA259 /* Debug */,
				051FDBCC245BCD95008EA259 /* Release */,
			);
			defaultConfigurationIsVisible = 0;
			defaultConfigurationName = Release;
		};
		051FDBCD245BCD95008EA259 /* Build configuration list for PBXNativeTarget "Pompei HW 9Tests" */ = {
			isa = XCConfigurationList;
			buildConfigurations = (
				051FDBCE245BCD95008EA259 /* Debug */,
				051FDBCF245BCD95008EA259 /* Release */,
			);
			defaultConfigurationIsVisible = 0;
			defaultConfigurationName = Release;
		};
		051FDBD0245BCD95008EA259 /* Build configuration list for PBXNativeTarget "Pompei HW 9UITests" */ = {
			isa = XCConfigurationList;
			buildConfigurations = (
				051FDBD1245BCD95008EA259 /* Debug */,
				051FDBD2245BCD95008EA259 /* Release */,
			);
			defaultConfigurationIsVisible = 0;
			defaultConfigurationName = Release;
		};
/* End XCConfigurationList section */
	};
	rootObject = 051FDB98245BCD94008EA259 /* Project object */;
}
